
Microsoft Visual Studio Solution File, Format Version 12.00
# Visual Studio 2012
Project("{FAE04EC0-301F-11D3-BF4B-00C04F79EFBC}") = "Selenite", "Selenite\Selenite.csproj", "{8B6BF0FE-444A-4784-A8BE-49382866C719}"
EndProject
Project("{FAE04EC0-301F-11D3-BF4B-00C04F79EFBC}") = "Selenite.Client", "Selenite.Client\Selenite.Client.csproj", "{E7CE865E-3042-4249-B42E-AC56DF886E0B}"
EndProject
Project("{FAE04EC0-301F-11D3-BF4B-00C04F79EFBC}") = "Selenite.Tests", "Selenite.Tests\Selenite.Tests.csproj", "{3F59C901-FAB4-4AB8-9214-C7A607CADA98}"
EndProject
Project("{2150E333-8FDC-42A3-9474-1A3956D46DE8}") = ".nuget", ".nuget", "{18B5420E-05BC-474E-BCFF-8D1339881020}"
	ProjectSection(SolutionItems) = preProject
		.nuget\packages.config = .nuget\packages.config
	EndProjectSection
EndProject
Project("{FAE04EC0-301F-11D3-BF4B-00C04F79EFBC}") = "Selenite.VisualStudio", "Selenite.VisualStudio\Selenite.VisualStudio.csproj", "{87DF6E7A-D9CC-42C4-862A-568C099C673A}"
EndProject
Project("{FAE04EC0-301F-11D3-BF4B-00C04F79EFBC}") = "Selenite.Client.V2", "Selenite.Client.V2\Selenite.Client.V2.csproj", "{64D24A5B-8DD1-4D9D-B655-1EC85BC707DE}"
EndProject
Project("{2150E333-8FDC-42A3-9474-1A3956D46DE8}") = "Client V2", "Client V2", "{C9264527-EAB5-4E0B-94D0-511761CA8870}"
EndProject
Project("{2150E333-8FDC-42A3-9474-1A3956D46DE8}") = "Modules", "Modules", "{1E1ABEBA-A2C6-4403-B55D-E58A4A1CA362}"
EndProject
Project("{FAE04EC0-301F-11D3-BF4B-00C04F79EFBC}") = "Common", "Common\Common.csproj", "{2A5DE9CD-5DEF-4413-A05A-C14581B084F9}"
EndProject
Project("{FAE04EC0-301F-11D3-BF4B-00C04F79EFBC}") = "Selenite.Client.Manifests", "Selenite.Client.Manifests\Selenite.Client.Manifests.csproj", "{9D1469B9-DA41-4062-87A9-C78D847265B8}"
EndProject
Project("{FAE04EC0-301F-11D3-BF4B-00C04F79EFBC}") = "Selenite.Client.TestResults", "Selenite.Client.TestResults\Selenite.Client.TestResults.csproj", "{DBA7A8C7-5B7D-49D8-9147-FE255A4361C6}"
EndProject
Project("{FAE04EC0-301F-11D3-BF4B-00C04F79EFBC}") = "Selenite.Client.TestCollections", "Selenite.Client.TestCollections\Selenite.Client.TestCollections.csproj", "{00374C3F-2E82-4642-8B73-0E2D6EF255BD}"
EndProject
Project("{FAE04EC0-301F-11D3-BF4B-00C04F79EFBC}") = "Selenite.Client.CommandHelp", "Selenite.Client.CommandHelp\Selenite.Client.CommandHelp.csproj", "{422BF01F-2261-47B0-B53A-C6EF2C158FD8}"
EndProject
Global
	GlobalSection(SolutionConfigurationPlatforms) = preSolution
		Debug|Any CPU = Debug|Any CPU
		Debug|Mixed Platforms = Debug|Mixed Platforms
		Debug|x86 = Debug|x86
		Release|Any CPU = Release|Any CPU
		Release|Mixed Platforms = Release|Mixed Platforms
		Release|x86 = Release|x86
	EndGlobalSection
	GlobalSection(ProjectConfigurationPlatforms) = postSolution
		{8B6BF0FE-444A-4784-A8BE-49382866C719}.Debug|Any CPU.ActiveCfg = Debug|Any CPU
		{8B6BF0FE-444A-4784-A8BE-49382866C719}.Debug|Any CPU.Build.0 = Debug|Any CPU
		{8B6BF0FE-444A-4784-A8BE-49382866C719}.Debug|Mixed Platforms.ActiveCfg = Debug|Any CPU
		{8B6BF0FE-444A-4784-A8BE-49382866C719}.Debug|Mixed Platforms.Build.0 = Debug|Any CPU
		{8B6BF0FE-444A-4784-A8BE-49382866C719}.Debug|x86.ActiveCfg = Debug|Any CPU
		{8B6BF0FE-444A-4784-A8BE-49382866C719}.Release|Any CPU.ActiveCfg = Release|Any CPU
		{8B6BF0FE-444A-4784-A8BE-49382866C719}.Release|Any CPU.Build.0 = Release|Any CPU
		{8B6BF0FE-444A-4784-A8BE-49382866C719}.Release|Mixed Platforms.ActiveCfg = Release|Any CPU
		{8B6BF0FE-444A-4784-A8BE-49382866C719}.Release|Mixed Platforms.Build.0 = Release|Any CPU
		{8B6BF0FE-444A-4784-A8BE-49382866C719}.Release|x86.ActiveCfg = Release|Any CPU
		{E7CE865E-3042-4249-B42E-AC56DF886E0B}.Debug|Any CPU.ActiveCfg = Debug|x86
		{E7CE865E-3042-4249-B42E-AC56DF886E0B}.Debug|Mixed Platforms.ActiveCfg = Debug|x86
		{E7CE865E-3042-4249-B42E-AC56DF886E0B}.Debug|Mixed Platforms.Build.0 = Debug|x86
		{E7CE865E-3042-4249-B42E-AC56DF886E0B}.Debug|x86.ActiveCfg = Debug|x86
		{E7CE865E-3042-4249-B42E-AC56DF886E0B}.Debug|x86.Build.0 = Debug|x86
		{E7CE865E-3042-4249-B42E-AC56DF886E0B}.Release|Any CPU.ActiveCfg = Release|x86
		{E7CE865E-3042-4249-B42E-AC56DF886E0B}.Release|Mixed Platforms.ActiveCfg = Release|x86
		{E7CE865E-3042-4249-B42E-AC56DF886E0B}.Release|Mixed Platforms.Build.0 = Release|x86
		{E7CE865E-3042-4249-B42E-AC56DF886E0B}.Release|x86.ActiveCfg = Release|x86
		{E7CE865E-3042-4249-B42E-AC56DF886E0B}.Release|x86.Build.0 = Release|x86
		{3F59C901-FAB4-4AB8-9214-C7A607CADA98}.Debug|Any CPU.ActiveCfg = Debug|Any CPU
		{3F59C901-FAB4-4AB8-9214-C7A607CADA98}.Debug|Any CPU.Build.0 = Debug|Any CPU
		{3F59C901-FAB4-4AB8-9214-C7A607CADA98}.Debug|Mixed Platforms.ActiveCfg = Debug|Any CPU
		{3F59C901-FAB4-4AB8-9214-C7A607CADA98}.Debug|Mixed Platforms.Build.0 = Debug|Any CPU
		{3F59C901-FAB4-4AB8-9214-C7A607CADA98}.Debug|x86.ActiveCfg = Debug|Any CPU
		{3F59C901-FAB4-4AB8-9214-C7A607CADA98}.Release|Any CPU.ActiveCfg = Release|Any CPU
		{3F59C901-FAB4-4AB8-9214-C7A607CADA98}.Release|Any CPU.Build.0 = Release|Any CPU
		{3F59C901-FAB4-4AB8-9214-C7A607CADA98}.Release|Mixed Platforms.ActiveCfg = Release|Any CPU
		{3F59C901-FAB4-4AB8-9214-C7A607CADA98}.Release|Mixed Platforms.Build.0 = Release|Any CPU
		{3F59C901-FAB4-4AB8-9214-C7A607CADA98}.Release|x86.ActiveCfg = Release|Any CPU
		{87DF6E7A-D9CC-42C4-862A-568C099C673A}.Debug|Any CPU.ActiveCfg = Debug|Any CPU
		{87DF6E7A-D9CC-42C4-862A-568C099C673A}.Debug|Any CPU.Build.0 = Debug|Any CPU
		{87DF6E7A-D9CC-42C4-862A-568C099C673A}.Debug|Mixed Platforms.ActiveCfg = Debug|Any CPU
		{87DF6E7A-D9CC-42C4-862A-568C099C673A}.Debug|Mixed Platforms.Build.0 = Debug|Any CPU
		{87DF6E7A-D9CC-42C4-862A-568C099C673A}.Debug|x86.ActiveCfg = Debug|Any CPU
		{87DF6E7A-D9CC-42C4-862A-568C099C673A}.Release|Any CPU.ActiveCfg = Release|Any CPU
		{87DF6E7A-D9CC-42C4-862A-568C099C673A}.Release|Any CPU.Build.0 = Release|Any CPU
		{87DF6E7A-D9CC-42C4-862A-568C099C673A}.Release|Mixed Platforms.ActiveCfg = Release|Any CPU
		{87DF6E7A-D9CC-42C4-862A-568C099C673A}.Release|Mixed Platforms.Build.0 = Release|Any CPU
		{87DF6E7A-D9CC-42C4-862A-568C099C673A}.Release|x86.ActiveCfg = Release|Any CPU
		{64D24A5B-8DD1-4D9D-B655-1EC85BC707DE}.Debug|Any CPU.ActiveCfg = Debug|Any CPU
		{64D24A5B-8DD1-4D9D-B655-1EC85BC707DE}.Debug|Any CPU.Build.0 = Debug|Any CPU
		{64D24A5B-8DD1-4D9D-B655-1EC85BC707DE}.Debug|Mixed Platforms.ActiveCfg = Debug|Any CPU
		{64D24A5B-8DD1-4D9D-B655-1EC85BC707DE}.Debug|Mixed Platforms.Build.0 = Debug|Any CPU
		{64D24A5B-8DD1-4D9D-B655-1EC85BC707DE}.Debug|x86.ActiveCfg = Debug|Any CPU
		{64D24A5B-8DD1-4D9D-B655-1EC85BC707DE}.Release|Any CPU.ActiveCfg = Release|Any CPU
		{64D24A5B-8DD1-4D9D-B655-1EC85BC707DE}.Release|Any CPU.Build.0 = Release|Any CPU
		{64D24A5B-8DD1-4D9D-B655-1EC85BC707DE}.Release|Mixed Platforms.ActiveCfg = Release|Any CPU
		{64D24A5B-8DD1-4D9D-B655-1EC85BC707DE}.Release|Mixed Platforms.Build.0 = Release|Any CPU
		{64D24A5B-8DD1-4D9D-B655-1EC85BC707DE}.Release|x86.ActiveCfg = Release|Any CPU
		{2A5DE9CD-5DEF-4413-A05A-C14581B084F9}.Debug|Any CPU.ActiveCfg = Debug|Any CPU
		{2A5DE9CD-5DEF-4413-A05A-C14581B084F9}.Debug|Any CPU.Build.0 = Debug|Any CPU
		{2A5DE9CD-5DEF-4413-A05A-C14581B084F9}.Debug|Mixed Platforms.ActiveCfg = Debug|Any CPU
		{2A5DE9CD-5DEF-4413-A05A-C14581B084F9}.Debug|Mixed Platforms.Build.0 = Debug|Any CPU
		{2A5DE9CD-5DEF-4413-A05A-C14581B084F9}.Debug|x86.ActiveCfg = Debug|Any CPU
		{2A5DE9CD-5DEF-4413-A05A-C14581B084F9}.Release|Any CPU.ActiveCfg = Release|Any CPU
		{2A5DE9CD-5DEF-4413-A05A-C14581B084F9}.Release|Any CPU.Build.0 = Release|Any CPU
		{2A5DE9CD-5DEF-4413-A05A-C14581B084F9}.Release|Mixed Platforms.ActiveCfg = Release|Any CPU
		{2A5DE9CD-5DEF-4413-A05A-C14581B084F9}.Release|Mixed Platforms.Build.0 = Release|Any CPU
		{2A5DE9CD-5DEF-4413-A05A-C14581B084F9}.Release|x86.ActiveCfg = Release|Any CPU
		{9D1469B9-DA41-4062-87A9-C78D847265B8}.Debug|Any CPU.ActiveCfg = Debug|Any CPU
		{9D1469B9-DA41-4062-87A9-C78D847265B8}.Debug|Any CPU.Build.0 = Debug|Any CPU
		{9D1469B9-DA41-4062-87A9-C78D847265B8}.Debug|Mixed Platforms.ActiveCfg = Debug|Any CPU
		{9D1469B9-DA41-4062-87A9-C78D847265B8}.Debug|Mixed Platforms.Build.0 = Debug|Any CPU
		{9D1469B9-DA41-4062-87A9-C78D847265B8}.Debug|x86.ActiveCfg = Debug|Any CPU
		{9D1469B9-DA41-4062-87A9-C78D847265B8}.Release|Any CPU.ActiveCfg = Release|Any CPU
		{9D1469B9-DA41-4062-87A9-C78D847265B8}.Release|Any CPU.Build.0 = Release|Any CPU
		{9D1469B9-DA41-4062-87A9-C78D847265B8}.Release|Mixed Platforms.ActiveCfg = Release|Any CPU
		{9D1469B9-DA41-4062-87A9-C78D847265B8}.Release|Mixed Platforms.Build.0 = Release|Any CPU
		{9D1469B9-DA41-4062-87A9-C78D847265B8}.Release|x86.ActiveCfg = Release|Any CPU
		{DBA7A8C7-5B7D-49D8-9147-FE255A4361C6}.Debug|Any CPU.ActiveCfg = Debug|Any CPU
		{DBA7A8C7-5B7D-49D8-9147-FE255A4361C6}.Debug|Any CPU.Build.0 = Debug|Any CPU
		{DBA7A8C7-5B7D-49D8-9147-FE255A4361C6}.Debug|Mixed Platforms.ActiveCfg = Debug|Any CPU
		{DBA7A8C7-5B7D-49D8-9147-FE255A4361C6}.Debug|Mixed Platforms.Build.0 = Debug|Any CPU
		{DBA7A8C7-5B7D-49D8-9147-FE255A4361C6}.Debug|x86.ActiveCfg = Debug|Any CPU
		{DBA7A8C7-5B7D-49D8-9147-FE255A4361C6}.Release|Any CPU.ActiveCfg = Release|Any CPU
		{DBA7A8C7-5B7D-49D8-9147-FE255A4361C6}.Release|Any CPU.Build.0 = Release|Any CPU
		{DBA7A8C7-5B7D-49D8-9147-FE255A4361C6}.Release|Mixed Platforms.ActiveCfg = Release|Any CPU
		{DBA7A8C7-5B7D-49D8-9147-FE255A4361C6}.Release|Mixed Platforms.Build.0 = Release|Any CPU
		{DBA7A8C7-5B7D-49D8-9147-FE255A4361C6}.Release|x86.ActiveCfg = Release|Any CPU
		{00374C3F-2E82-4642-8B73-0E2D6EF255BD}.Debug|Any CPU.ActiveCfg = Debug|Any CPU
		{00374C3F-2E82-4642-8B73-0E2D6EF255BD}.Debug|Any CPU.Build.0 = Debug|Any CPU
		{00374C3F-2E82-4642-8B73-0E2D6EF255BD}.Debug|Mixed Platforms.ActiveCfg = Debug|Any CPU
		{00374C3F-2E82-4642-8B73-0E2D6EF255BD}.Debug|Mixed Platforms.Build.0 = Debug|Any CPU
		{00374C3F-2E82-4642-8B73-0E2D6EF255BD}.Debug|x86.ActiveCfg = Debug|Any CPU
		{00374C3F-2E82-4642-8B73-0E2D6EF255BD}.Release|Any CPU.ActiveCfg = Release|Any CPU
		{00374C3F-2E82-4642-8B73-0E2D6EF255BD}.Release|Any CPU.Build.0 = Release|Any CPU
		{00374C3F-2E82-4642-8B73-0E2D6EF255BD}.Release|Mixed Platforms.ActiveCfg = Release|Any CPU
		{00374C3F-2E82-4642-8B73-0E2D6EF255BD}.Release|Mixed Platforms.Build.0 = Release|Any CPU
		{00374C3F-2E82-4642-8B73-0E2D6EF255BD}.Release|x86.ActiveCfg = Release|Any CPU
		{422BF01F-2261-47B0-B53A-C6EF2C158FD8}.Debug|Any CPU.ActiveCfg = Debug|Any CPU
		{422BF01F-2261-47B0-B53A-C6EF2C158FD8}.Debug|Any CPU.Build.0 = Debug|Any CPU
		{422BF01F-2261-47B0-B53A-C6EF2C158FD8}.Debug|Mixed Platforms.ActiveCfg = Debug|Any CPU
		{422BF01F-2261-47B0-B53A-C6EF2C158FD8}.Debug|Mixed Platforms.Build.0 = Debug|Any CPU
		{422BF01F-2261-47B0-B53A-C6EF2C158FD8}.Debug|x86.ActiveCfg = Debug|Any CPU
		{422BF01F-2261-47B0-B53A-C6EF2C158FD8}.Release|Any CPU.ActiveCfg = Release|Any CPU
		{422BF01F-2261-47B0-B53A-C6EF2C158FD8}.Release|Any CPU.Build.0 = Release|Any CPU
		{422BF01F-2261-47B0-B53A-C6EF2C158FD8}.Release|Mixed Platforms.ActiveCfg = Release|Any CPU
		{422BF01F-2261-47B0-B53A-C6EF2C158FD8}.Release|Mixed Platforms.Build.0 = Release|Any CPU
		{422BF01F-2261-47B0-B53A-C6EF2C158FD8}.Release|x86.ActiveCfg = Release|Any CPU
	EndGlobalSection
	GlobalSection(SolutionProperties) = preSolution
		HideSolutionNode = FALSE
	EndGlobalSection
	GlobalSection(NestedProjects) = preSolution
		{64D24A5B-8DD1-4D9D-B655-1EC85BC707DE} = {C9264527-EAB5-4E0B-94D0-511761CA8870}
		{1E1ABEBA-A2C6-4403-B55D-E58A4A1CA362} = {C9264527-EAB5-4E0B-94D0-511761CA8870}
		{2A5DE9CD-5DEF-4413-A05A-C14581B084F9} = {1E1ABEBA-A2C6-4403-B55D-E58A4A1CA362}
		{9D1469B9-DA41-4062-87A9-C78D847265B8} = {1E1ABEBA-A2C6-4403-B55D-E58A4A1CA362}
		{DBA7A8C7-5B7D-49D8-9147-FE255A4361C6} = {1E1ABEBA-A2C6-4403-B55D-E58A4A1CA362}
		{00374C3F-2E82-4642-8B73-0E2D6EF255BD} = {1E1ABEBA-A2C6-4403-B55D-E58A4A1CA362}
		{422BF01F-2261-47B0-B53A-C6EF2C158FD8} = {1E1ABEBA-A2C6-4403-B55D-E58A4A1CA362}
	EndGlobalSection
	GlobalSection(ExtensibilityGlobals) = postSolution
		EnterpriseLibraryConfigurationToolBinariesPath = packages\Unity.2.1.505.2\lib\NET35
	EndGlobalSection
EndGlobal
